
Microsoft Visual Studio Solution File, Format Version 12.00
# Visual Studio Version 16
VisualStudioVersion = 16.0.30011.22
MinimumVisualStudioVersion = 10.0.40219.1
Project("{FAE04EC0-301F-11D3-BF4B-00C04F79EFBC}") = "EDVRHUD", "EDVRHUD.csproj", "{02C5BD7A-9B2F-4422-B563-74C43BA38BB8}"
EndProject
Global
	GlobalSection(SolutionConfigurationPlatforms) = preSolution
		Debug|Any CPU = Debug|Any CPU
		Release|Any CPU = Release|Any CPU
	EndGlobalSection
	GlobalSection(ProjectConfigurationPlatforms) = postSolution
		{02C5BD7A-9B2F-4422-B563-74C43BA38BB8}.Debug|Any CPU.ActiveCfg = Debug|Any CPU
		{02C5BD7A-9B2F-4422-B563-74C43BA38BB8}.Debug|Any CPU.Build.0 = Debug|Any CPU
		{02C5BD7A-9B2F-4422-B563-74C43BA38BB8}.Release|Any CPU.ActiveCfg = Release|Any CPU
		{02C5BD7A-9B2F-4422-B563-74C43BA38BB8}.Release|Any CPU.Build.0 = Release|Any CPU
	EndGlobalSection
	GlobalSection(SolutionProperties) = preSolution
		HideSolutionNode = FALSE
	EndGlobalSection
	GlobalSection(ExtensibilityGlobals) = postSolution
		SolutionGuid = {E36A32F9-DDDF-4D37-A05D-9562595FBB84}
	EndGlobalSection
EndGlobal
